
Microsoft Visual Studio Solution File, Format Version 12.00
# Visual Studio 15
VisualStudioVersion = 15.0.28010.2019
MinimumVisualStudioVersion = 10.0.40219.1
Project("{8BC9CEB8-8B4A-11D0-8D11-00A0C91BC942}") = "Practica1", "Practica1.vcxproj", "{2188617B-E9CA-4A17-9200-1B668B24C80F}"
EndProject
Global
	GlobalSection(SolutionConfigurationPlatforms) = preSolution
		Debug|x64 = Debug|x64
		Debug|x86 = Debug|x86
		Release|x64 = Release|x64
		Release|x86 = Release|x86
	EndGlobalSection
	GlobalSection(ProjectConfigurationPlatforms) = postSolution
		{2188617B-E9CA-4A17-9200-1B668B24C80F}.Debug|x64.ActiveCfg = Debug|x64
		{2188617B-E9CA-4A17-9200-1B668B24C80F}.Debug|x64.Build.0 = Debug|x64
		{2188617B-E9CA-4A17-9200-1B668B24C80F}.Debug|x86.ActiveCfg = Debug|Win32
		{2188617B-E9CA-4A17-9200-1B668B24C80F}.Debug|x86.Build.0 = Debug|Win32
		{2188617B-E9CA-4A17-9200-1B668B24C80F}.Release|x64.ActiveCfg = Release|x64
		{2188617B-E9CA-4A17-9200-1B668B24C80F}.Release|x64.Build.0 = Release|x64
		{2188617B-E9CA-4A17-9200-1B668B24C80F}.Release|x86.ActiveCfg = Release|Win32
		{2188617B-E9CA-4A17-9200-1B668B24C80F}.Release|x86.Build.0 = Release|Win32
	EndGlobalSection
	GlobalSection(SolutionProperties) = preSolution
		HideSolutionNode = FALSE
	EndGlobalSection
	GlobalSection(ExtensibilityGlobals) = postSolution
		SolutionGuid = {8BB00B27-4BA2-4A11-A09A-674BF0300294}
	EndGlobalSection
EndGlobal
